
Microsoft Visual Studio Solution File, Format Version 12.00
# Visual Studio 15
VisualStudioVersion = 15.0.28307.489
MinimumVisualStudioVersion = 10.0.40219.1
Project("{8BC9CEB8-8B4A-11D0-8D11-00A0C91BC942}") = "Part-1", "Part-1\Part-1.vcxproj", "{9C1CC5A6-56F8-4364-988B-DB4EECD13DDC}"
EndProject
Global
	GlobalSection(SolutionConfigurationPlatforms) = preSolution
		Debug|x64 = Debug|x64
		Debug|x86 = Debug|x86
		Release|x64 = Release|x64
		Release|x86 = Release|x86
	EndGlobalSection
	GlobalSection(ProjectConfigurationPlatforms) = postSolution
		{9C1CC5A6-56F8-4364-988B-DB4EECD13DDC}.Debug|x64.ActiveCfg = Debug|x64
		{9C1CC5A6-56F8-4364-988B-DB4EECD13DDC}.Debug|x64.Build.0 = Debug|x64
		{9C1CC5A6-56F8-4364-988B-DB4EECD13DDC}.Debug|x86.ActiveCfg = Debug|Win32
		{9C1CC5A6-56F8-4364-988B-DB4EECD13DDC}.Debug|x86.Build.0 = Debug|Win32
		{9C1CC5A6-56F8-4364-988B-DB4EECD13DDC}.Release|x64.ActiveCfg = Release|x64
		{9C1CC5A6-56F8-4364-988B-DB4EECD13DDC}.Release|x64.Build.0 = Release|x64
		{9C1CC5A6-56F8-4364-988B-DB4EECD13DDC}.Release|x86.ActiveCfg = Release|Win32
		{9C1CC5A6-56F8-4364-988B-DB4EECD13DDC}.Release|x86.Build.0 = Release|Win32
	EndGlobalSection
	GlobalSection(SolutionProperties) = preSolution
		HideSolutionNode = FALSE
	EndGlobalSection
	GlobalSection(ExtensibilityGlobals) = postSolution
		SolutionGuid = {8ACB82A6-58B3-46FB-B5C1-DE5EEFECE357}
	EndGlobalSection
EndGlobal
